
Microsoft Visual Studio Solution File, Format Version 12.00
# Visual Studio Version 17
VisualStudioVersion = 17.7.34031.279
MinimumVisualStudioVersion = 10.0.40219.1
Project("{FAE04EC0-301F-11D3-BF4B-00C04F79EFBC}") = "GA_1_WillCram", "GA_1_WillCram.csproj", "{0E19D709-7131-4C72-983E-45CFB704A818}"
EndProject
Global
	GlobalSection(SolutionConfigurationPlatforms) = preSolution
		Debug|Any CPU = Debug|Any CPU
		Release|Any CPU = Release|Any CPU
	EndGlobalSection
	GlobalSection(ProjectConfigurationPlatforms) = postSolution
		{0E19D709-7131-4C72-983E-45CFB704A818}.Debug|Any CPU.ActiveCfg = Debug|Any CPU
		{0E19D709-7131-4C72-983E-45CFB704A818}.Debug|Any CPU.Build.0 = Debug|Any CPU
		{0E19D709-7131-4C72-983E-45CFB704A818}.Release|Any CPU.ActiveCfg = Release|Any CPU
		{0E19D709-7131-4C72-983E-45CFB704A818}.Release|Any CPU.Build.0 = Release|Any CPU
	EndGlobalSection
	GlobalSection(SolutionProperties) = preSolution
		HideSolutionNode = FALSE
	EndGlobalSection
	GlobalSection(ExtensibilityGlobals) = postSolution
		SolutionGuid = {5F64CCEF-314D-47E0-896B-1A4D5C8E7D7A}
	EndGlobalSection
EndGlobal
